
Microsoft Visual Studio Solution File, Format Version 12.00
# Visual Studio Version 17
VisualStudioVersion = 17.7.34031.279
MinimumVisualStudioVersion = 10.0.40219.1
Project("{803FD0C6-D64E-4E16-9DC3-1DAEC859A3D2}") = "KX122", "KX122.vgdbproj", "{08F7D904-126C-4393-8A06-BC56C60E87D0}"
EndProject
Global
	GlobalSection(SolutionConfigurationPlatforms) = preSolution
		Debug|VisualGDB = Debug|VisualGDB
		Release|VisualGDB = Release|VisualGDB
		Tests (Debug)|VisualGDB = Tests (Debug)|VisualGDB
		Tests (Release)|VisualGDB = Tests (Release)|VisualGDB
	EndGlobalSection
	GlobalSection(ProjectConfigurationPlatforms) = postSolution
		{08F7D904-126C-4393-8A06-BC56C60E87D0}.Debug|VisualGDB.ActiveCfg = Debug|VisualGDB
		{08F7D904-126C-4393-8A06-BC56C60E87D0}.Debug|VisualGDB.Build.0 = Debug|VisualGDB
		{08F7D904-126C-4393-8A06-BC56C60E87D0}.Release|VisualGDB.ActiveCfg = Release|VisualGDB
		{08F7D904-126C-4393-8A06-BC56C60E87D0}.Release|VisualGDB.Build.0 = Release|VisualGDB
		{08F7D904-126C-4393-8A06-BC56C60E87D0}.Tests (Debug)|VisualGDB.ActiveCfg = Tests (Debug)|VisualGDB
		{08F7D904-126C-4393-8A06-BC56C60E87D0}.Tests (Debug)|VisualGDB.Build.0 = Tests (Debug)|VisualGDB
		{08F7D904-126C-4393-8A06-BC56C60E87D0}.Tests (Release)|VisualGDB.ActiveCfg = Tests (Release)|VisualGDB
		{08F7D904-126C-4393-8A06-BC56C60E87D0}.Tests (Release)|VisualGDB.Build.0 = Tests (Release)|VisualGDB
	EndGlobalSection
	GlobalSection(SolutionProperties) = preSolution
		HideSolutionNode = FALSE
	EndGlobalSection
	GlobalSection(ExtensibilityGlobals) = postSolution
		SolutionGuid = {6A613A50-99E1-45F4-9D2E-5B7D7D25E95B}
	EndGlobalSection
EndGlobal
